
Microsoft Visual Studio Solution File, Format Version 12.00
# Visual Studio 14
VisualStudioVersion = 14.0.25123.0
MinimumVisualStudioVersion = 10.0.40219.1
Project("{FAE04EC0-301F-11D3-BF4B-00C04F79EFBC}") = "Command_and_Conquer_Style_RTS", "Command_and_Conquer_Style_RTS\Command_and_Conquer_Style_RTS.csproj", "{3B375E34-206D-4010-9711-EFFD26C4D515}"
EndProject
Project("{FAE04EC0-301F-11D3-BF4B-00C04F79EFBC}") = "ConquerStyleRTS_Tests", "ConquerStyleRTS_Tests\ConquerStyleRTS_Tests.csproj", "{5D3E6E44-820C-425E-AD31-E4A9C1BCEF60}"
EndProject
Global
	GlobalSection(SolutionConfigurationPlatforms) = preSolution
		Debug|Any CPU = Debug|Any CPU
		Release|Any CPU = Release|Any CPU
	EndGlobalSection
	GlobalSection(ProjectConfigurationPlatforms) = postSolution
		{3B375E34-206D-4010-9711-EFFD26C4D515}.Debug|Any CPU.ActiveCfg = Debug|Any CPU
		{3B375E34-206D-4010-9711-EFFD26C4D515}.Debug|Any CPU.Build.0 = Debug|Any CPU
		{3B375E34-206D-4010-9711-EFFD26C4D515}.Release|Any CPU.ActiveCfg = Release|Any CPU
		{3B375E34-206D-4010-9711-EFFD26C4D515}.Release|Any CPU.Build.0 = Release|Any CPU
		{5D3E6E44-820C-425E-AD31-E4A9C1BCEF60}.Debug|Any CPU.ActiveCfg = Debug|Any CPU
		{5D3E6E44-820C-425E-AD31-E4A9C1BCEF60}.Debug|Any CPU.Build.0 = Debug|Any CPU
		{5D3E6E44-820C-425E-AD31-E4A9C1BCEF60}.Release|Any CPU.ActiveCfg = Release|Any CPU
		{5D3E6E44-820C-425E-AD31-E4A9C1BCEF60}.Release|Any CPU.Build.0 = Release|Any CPU
	EndGlobalSection
	GlobalSection(SolutionProperties) = preSolution
		HideSolutionNode = FALSE
	EndGlobalSection
EndGlobal
